
Microsoft Visual Studio Solution File, Format Version 10.00
# Visual Studio 2008
Project("{FAE04EC0-301F-11D3-BF4B-00C04F79EFBC}") = "L2PacketDecrypt", "XorDecrypt\L2PacketDecrypt.csproj", "{50F988CB-52ED-4232-9FF4-46AF22487047}"
EndProject
Project("{FAE04EC0-301F-11D3-BF4B-00C04F79EFBC}") = "TcpStreamAssembler", "TcpStreamAssembler\TcpStreamAssembler.csproj", "{87BF4E66-BF76-4E33-AC60-33434C503CA1}"
EndProject
Project("{FAE04EC0-301F-11D3-BF4B-00C04F79EFBC}") = "La2PacketSniffer", "La2PacketSniffer\La2PacketSniffer.csproj", "{0F508A8D-D409-41B0-A9F9-906031CDDFC9}"
EndProject
Project("{FAE04EC0-301F-11D3-BF4B-00C04F79EFBC}") = "SpoilStatus", "SpoilStatus\SpoilStatus.csproj", "{ED5ED95D-5AC6-4D9A-AC9A-B34DF7DD3261}"
EndProject
Project("{FAE04EC0-301F-11D3-BF4B-00C04F79EFBC}") = "GetNetworkInfo", "GetNetworkInfo\GetNetworkInfo.csproj", "{2DEABDE2-555C-4C6E-915F-F307DFAE0D04}"
EndProject
Project("{FAE04EC0-301F-11D3-BF4B-00C04F79EFBC}") = "StripItemname", "StripItemname\StripItemname.csproj", "{BE61359E-7C95-47A7-9548-497C7A9EF51A}"
EndProject
Global
	GlobalSection(SolutionConfigurationPlatforms) = preSolution
		Debug|Any CPU = Debug|Any CPU
		Debug|x86 = Debug|x86
		Release|Any CPU = Release|Any CPU
		Release|x86 = Release|x86
	EndGlobalSection
	GlobalSection(ProjectConfigurationPlatforms) = postSolution
		{50F988CB-52ED-4232-9FF4-46AF22487047}.Debug|Any CPU.ActiveCfg = Debug|Any CPU
		{50F988CB-52ED-4232-9FF4-46AF22487047}.Debug|Any CPU.Build.0 = Debug|Any CPU
		{50F988CB-52ED-4232-9FF4-46AF22487047}.Debug|x86.ActiveCfg = Debug|x86
		{50F988CB-52ED-4232-9FF4-46AF22487047}.Debug|x86.Build.0 = Debug|x86
		{50F988CB-52ED-4232-9FF4-46AF22487047}.Release|Any CPU.ActiveCfg = Release|Any CPU
		{50F988CB-52ED-4232-9FF4-46AF22487047}.Release|Any CPU.Build.0 = Release|Any CPU
		{50F988CB-52ED-4232-9FF4-46AF22487047}.Release|x86.ActiveCfg = Release|x86
		{50F988CB-52ED-4232-9FF4-46AF22487047}.Release|x86.Build.0 = Release|x86
		{87BF4E66-BF76-4E33-AC60-33434C503CA1}.Debug|Any CPU.ActiveCfg = Debug|Any CPU
		{87BF4E66-BF76-4E33-AC60-33434C503CA1}.Debug|Any CPU.Build.0 = Debug|Any CPU
		{87BF4E66-BF76-4E33-AC60-33434C503CA1}.Debug|x86.ActiveCfg = Debug|Any CPU
		{87BF4E66-BF76-4E33-AC60-33434C503CA1}.Release|Any CPU.ActiveCfg = Release|Any CPU
		{87BF4E66-BF76-4E33-AC60-33434C503CA1}.Release|Any CPU.Build.0 = Release|Any CPU
		{87BF4E66-BF76-4E33-AC60-33434C503CA1}.Release|x86.ActiveCfg = Release|Any CPU
		{0F508A8D-D409-41B0-A9F9-906031CDDFC9}.Debug|Any CPU.ActiveCfg = Debug|Any CPU
		{0F508A8D-D409-41B0-A9F9-906031CDDFC9}.Debug|Any CPU.Build.0 = Debug|Any CPU
		{0F508A8D-D409-41B0-A9F9-906031CDDFC9}.Debug|x86.ActiveCfg = Debug|Any CPU
		{0F508A8D-D409-41B0-A9F9-906031CDDFC9}.Debug|x86.Build.0 = Debug|Any CPU
		{0F508A8D-D409-41B0-A9F9-906031CDDFC9}.Release|Any CPU.ActiveCfg = Release|Any CPU
		{0F508A8D-D409-41B0-A9F9-906031CDDFC9}.Release|Any CPU.Build.0 = Release|Any CPU
		{0F508A8D-D409-41B0-A9F9-906031CDDFC9}.Release|x86.ActiveCfg = Release|Any CPU
		{0F508A8D-D409-41B0-A9F9-906031CDDFC9}.Release|x86.Build.0 = Release|Any CPU
		{ED5ED95D-5AC6-4D9A-AC9A-B34DF7DD3261}.Debug|Any CPU.ActiveCfg = Debug|Any CPU
		{ED5ED95D-5AC6-4D9A-AC9A-B34DF7DD3261}.Debug|Any CPU.Build.0 = Debug|Any CPU
		{ED5ED95D-5AC6-4D9A-AC9A-B34DF7DD3261}.Debug|x86.ActiveCfg = Debug|Any CPU
		{ED5ED95D-5AC6-4D9A-AC9A-B34DF7DD3261}.Release|Any CPU.ActiveCfg = Release|Any CPU
		{ED5ED95D-5AC6-4D9A-AC9A-B34DF7DD3261}.Release|Any CPU.Build.0 = Release|Any CPU
		{ED5ED95D-5AC6-4D9A-AC9A-B34DF7DD3261}.Release|x86.ActiveCfg = Release|Any CPU
		{2DEABDE2-555C-4C6E-915F-F307DFAE0D04}.Debug|Any CPU.ActiveCfg = Debug|Any CPU
		{2DEABDE2-555C-4C6E-915F-F307DFAE0D04}.Debug|Any CPU.Build.0 = Debug|Any CPU
		{2DEABDE2-555C-4C6E-915F-F307DFAE0D04}.Debug|x86.ActiveCfg = Debug|Any CPU
		{2DEABDE2-555C-4C6E-915F-F307DFAE0D04}.Release|Any CPU.ActiveCfg = Release|Any CPU
		{2DEABDE2-555C-4C6E-915F-F307DFAE0D04}.Release|Any CPU.Build.0 = Release|Any CPU
		{2DEABDE2-555C-4C6E-915F-F307DFAE0D04}.Release|x86.ActiveCfg = Release|Any CPU
		{BE61359E-7C95-47A7-9548-497C7A9EF51A}.Debug|Any CPU.ActiveCfg = Debug|Any CPU
		{BE61359E-7C95-47A7-9548-497C7A9EF51A}.Debug|Any CPU.Build.0 = Debug|Any CPU
		{BE61359E-7C95-47A7-9548-497C7A9EF51A}.Debug|x86.ActiveCfg = Debug|Any CPU
		{BE61359E-7C95-47A7-9548-497C7A9EF51A}.Release|Any CPU.ActiveCfg = Release|Any CPU
		{BE61359E-7C95-47A7-9548-497C7A9EF51A}.Release|Any CPU.Build.0 = Release|Any CPU
		{BE61359E-7C95-47A7-9548-497C7A9EF51A}.Release|x86.ActiveCfg = Release|Any CPU
	EndGlobalSection
	GlobalSection(SolutionProperties) = preSolution
		HideSolutionNode = FALSE
	EndGlobalSection
EndGlobal
