
Microsoft Visual Studio Solution File, Format Version 10.00
# Visual Studio 2008
Project("{FAE04EC0-301F-11D3-BF4B-00C04F79EFBC}") = "L2NetCore", "L2NetCore\L2NetCore.csproj", "{BBE1DBEA-DC04-469B-B199-8E1763A13B00}"
EndProject
Project("{FAE04EC0-301F-11D3-BF4B-00C04F79EFBC}") = "L2NetCryptHellbound", "L2NetCryptHellbound\L2NetCryptHellbound.csproj", "{3DA29695-619B-435E-9311-AEA5EA792A14}"
EndProject
Project("{FAE04EC0-301F-11D3-BF4B-00C04F79EFBC}") = "L2NetSniffer", "L2NetSniffer\L2NetSniffer.csproj", "{3A70480C-CC01-41CC-AA71-B216FAA28741}"
EndProject
Global
	GlobalSection(SolutionConfigurationPlatforms) = preSolution
		Debug|Any CPU = Debug|Any CPU
		Release|Any CPU = Release|Any CPU
	EndGlobalSection
	GlobalSection(ProjectConfigurationPlatforms) = postSolution
		{BBE1DBEA-DC04-469B-B199-8E1763A13B00}.Debug|Any CPU.ActiveCfg = Debug|Any CPU
		{BBE1DBEA-DC04-469B-B199-8E1763A13B00}.Debug|Any CPU.Build.0 = Debug|Any CPU
		{BBE1DBEA-DC04-469B-B199-8E1763A13B00}.Release|Any CPU.ActiveCfg = Release|Any CPU
		{BBE1DBEA-DC04-469B-B199-8E1763A13B00}.Release|Any CPU.Build.0 = Release|Any CPU
		{3DA29695-619B-435E-9311-AEA5EA792A14}.Debug|Any CPU.ActiveCfg = Debug|Any CPU
		{3DA29695-619B-435E-9311-AEA5EA792A14}.Debug|Any CPU.Build.0 = Debug|Any CPU
		{3DA29695-619B-435E-9311-AEA5EA792A14}.Release|Any CPU.ActiveCfg = Release|Any CPU
		{3DA29695-619B-435E-9311-AEA5EA792A14}.Release|Any CPU.Build.0 = Release|Any CPU
		{3A70480C-CC01-41CC-AA71-B216FAA28741}.Debug|Any CPU.ActiveCfg = Debug|Any CPU
		{3A70480C-CC01-41CC-AA71-B216FAA28741}.Debug|Any CPU.Build.0 = Debug|Any CPU
		{3A70480C-CC01-41CC-AA71-B216FAA28741}.Release|Any CPU.ActiveCfg = Release|Any CPU
		{3A70480C-CC01-41CC-AA71-B216FAA28741}.Release|Any CPU.Build.0 = Release|Any CPU
	EndGlobalSection
	GlobalSection(SolutionProperties) = preSolution
		HideSolutionNode = FALSE
	EndGlobalSection
EndGlobal
